Microsoft Visual Studio Solution File, Format Version 12.00
# Visual Studio Version 17
VisualStudioVersion = 17.13.35919.96 d17.13
MinimumVisualStudioVersion = 10.0.40219.1
Project("{FAE04EC0-301F-11D3-BF4B-00C04F79EFBC}") = "acrdart-project-data-tableau-report-url-lambda", "acrdart-project-data-tableau-report-url-lambda\src\acrdart-project-data-tableau-report-url-lambda\acrdart-project-data-tableau-report-url-lambda.csproj", "{901D2524-1A59-4C86-9FF4-CA0D174904B0}"
EndProject
Global
	GlobalSection(SolutionConfigurationPlatforms) = preSolution
		Debug|Any CPU = Debug|Any CPU
		Release|Any CPU = Release|Any CPU
	EndGlobalSection
	GlobalSection(ProjectConfigurationPlatforms) = postSolution
		{901D2524-1A59-4C86-9FF4-CA0D174904B0}.Debug|Any CPU.ActiveCfg = Debug|Any CPU
		{901D2524-1A59-4C86-9FF4-CA0D174904B0}.Debug|Any CPU.Build.0 = Debug|Any CPU
		{901D2524-1A59-4C86-9FF4-CA0D174904B0}.Release|Any CPU.ActiveCfg = Release|Any CPU
		{901D2524-1A59-4C86-9FF4-CA0D174904B0}.Release|Any CPU.Build.0 = Release|Any CPU
	EndGlobalSection
	GlobalSection(SolutionProperties) = preSolution
		HideSolutionNode = FALSE
	EndGlobalSection
	GlobalSection(ExtensibilityGlobals) = postSolution
		SolutionGuid = {87A86B48-06DF-401D-9F75-6BE0050A5BB8}
	EndGlobalSection
EndGlobal
